
Microsoft Visual Studio Solution File, Format Version 12.00
# Visual Studio Version 17
VisualStudioVersion = 17.9.34616.47
MinimumVisualStudioVersion = 10.0.40219.1
Project("{FAE04EC0-301F-11D3-BF4B-00C04F79EFBC}") = "FluentLab", "FluentLab\FluentLab.csproj", "{8FB38DD6-5857-4690-9D36-4C083513AB77}"
EndProject
Global
	GlobalSection(SolutionConfigurationPlatforms) = preSolution
		Debug|Any CPU = Debug|Any CPU
		Release|Any CPU = Release|Any CPU
	EndGlobalSection
	GlobalSection(ProjectConfigurationPlatforms) = postSolution
		{8FB38DD6-5857-4690-9D36-4C083513AB77}.Debug|Any CPU.ActiveCfg = Debug|Any CPU
		{8FB38DD6-5857-4690-9D36-4C083513AB77}.Debug|Any CPU.Build.0 = Debug|Any CPU
		{8FB38DD6-5857-4690-9D36-4C083513AB77}.Release|Any CPU.ActiveCfg = Release|Any CPU
		{8FB38DD6-5857-4690-9D36-4C083513AB77}.Release|Any CPU.Build.0 = Release|Any CPU
	EndGlobalSection
	GlobalSection(SolutionProperties) = preSolution
		HideSolutionNode = FALSE
	EndGlobalSection
	GlobalSection(ExtensibilityGlobals) = postSolution
		SolutionGuid = {99BA1347-CF55-4CC8-879F-DC55FC47390F}
	EndGlobalSection
EndGlobal
